// !$*UTF8*$!
{
	archiveVersion = 1;
	classes = {
	};
	objectVersion = 46;
	objects = {

/* Begin PBXBuildFile section */
		586031E4BA14A1326765DAED /* TwitterRequestManager.swift in Sources */ = {isa = PBXBuildFile; fileRef = 5860352138590053269109B4 /* TwitterRequestManager.swift */; };
		586034121FDFCBFB5D8B2CD3 /* DataManager.swift in Sources */ = {isa = PBXBuildFile; fileRef = 58603584426F6F5C6DAF0692 /* DataManager.swift */; };
		5860342C68A9D9D685BB502F /* TweetCell.swift in Sources */ = {isa = PBXBuildFile; fileRef = 5860318FA0BF2D3C19AC29D0 /* TweetCell.swift */; };
		586036E9F9C7FBCA79D9AEA2 /* ImageLoadingManager.swift in Sources */ = {isa = PBXBuildFile; fileRef = 586037DA411591FD0D86067A /* ImageLoadingManager.swift */; };
		586038143EDA8B3FF9A37C1C /* Tweet.swift in Sources */ = {isa = PBXBuildFile; fileRef = 58603FE69D9E8D7777DEC2E3 /* Tweet.swift */; };
		586038E163153223EA8A6522 /* BuildVars.swift in Sources */ = {isa = PBXBuildFile; fileRef = 58603729B1C6F254745EA629 /* BuildVars.swift */; };
		58603A5171B6198739CF3983 /* MethodType.swift in Sources */ = {isa = PBXBuildFile; fileRef = 58603E78AFDEFEC4402B697F /* MethodType.swift */; };
		58603AA74797391783579CCF /* Utils.swift in Sources */ = {isa = PBXBuildFile; fileRef = 58603A7CF02E9814AA91D63C /* Utils.swift */; };
		58603D89A78FC25CD7678B56 /* TableViewController.swift in Sources */ = {isa = PBXBuildFile; fileRef = 58603F934E62FD04AF4AB994 /* TableViewController.swift */; };
		58603E229489478C63AC9C3B /* PreferencesManager.swift in Sources */ = {isa = PBXBuildFile; fileRef = 58603D4BFAFCC4A6B505D955 /* PreferencesManager.swift */; };
		84A6EB251D3EBB5E00E19322 /* AppDelegate.swift in Sources */ = {isa = PBXBuildFile; fileRef = 84A6EB241D3EBB5E00E19322 /* AppDelegate.swift */; };
		84A6EB2D1D3EBB5E00E19322 /* twitterReader.xcdatamodeld in Sources */ = {isa = PBXBuildFile; fileRef = 84A6EB2B1D3EBB5E00E19322 /* twitterReader.xcdatamodeld */; };
		84A6EB2F1D3EBB5E00E19322 /* Assets.xcassets in Resources */ = {isa = PBXBuildFile; fileRef = 84A6EB2E1D3EBB5E00E19322 /* Assets.xcassets */; };
		84AF3A4E1D46BF3700C1E0DC /* TweetCell.xib in Resources */ = {isa = PBXBuildFile; fileRef = 84AF3A4D1D46BF3700C1E0DC /* TweetCell.xib */; };
		84EF78831D3F99DC00FD2F1E /* LaunchStoryboard.storyboard in Resources */ = {isa = PBXBuildFile; fileRef = 84EF78821D3F99DC00FD2F1E /* LaunchStoryboard.storyboard */; };
/* End PBXBuildFile section */

/* Begin PBXFileReference section */
		5860318FA0BF2D3C19AC29D0 /* TweetCell.swift */ = {isa = PBXFileReference; fileEncoding = 4; lastKnownFileType = sourcecode.swift; path = TweetCell.swift; sourceTree = "<group>"; };
		5860352138590053269109B4 /* TwitterRequestManager.swift */ = {isa = PBXFileReference; fileEncoding = 4; lastKnownFileType = sourcecode.swift; path = TwitterRequestManager.swift; sourceTree = "<group>"; };
		58603584426F6F5C6DAF0692 /* DataManager.swift */ = {isa = PBXFileReference; fileEncoding = 4; lastKnownFileType = sourcecode.swift; path = DataManager.swift; sourceTree = "<group>"; };
		58603729B1C6F254745EA629 /* BuildVars.swift */ = {isa = PBXFileReference; fileEncoding = 4; lastKnownFileType = sourcecode.swift; path = BuildVars.swift; sourceTree = "<group>"; };
		586037DA411591FD0D86067A /* ImageLoadingManager.swift */ = {isa = PBXFileReference; fileEncoding = 4; lastKnownFileType = sourcecode.swift; path = ImageLoadingManager.swift; sourceTree = "<group>"; };
		58603A7CF02E9814AA91D63C /* Utils.swift */ = {isa = PBXFileReference; fileEncoding = 4; lastKnownFileType = sourcecode.swift; path = Utils.swift; sourceTree = "<group>"; };
		58603D4BFAFCC4A6B505D955 /* PreferencesManager.swift */ = {isa = PBXFileReference; fileEncoding = 4; lastKnownFileType = sourcecode.swift; path = PreferencesManager.swift; sourceTree = "<group>"; };
		58603E78AFDEFEC4402B697F /* MethodType.swift */ = {isa = PBXFileReference; fileEncoding = 4; lastKnownFileType = sourcecode.swift; path = MethodType.swift; sourceTree = "<group>"; };
		58603F934E62FD04AF4AB994 /* TableViewController.swift */ = {isa = PBXFileReference; fileEncoding = 4; lastKnownFileType = sourcecode.swift; path = TableViewController.swift; sourceTree = "<group>"; };
		58603FE69D9E8D7777DEC2E3 /* Tweet.swift */ = {isa = PBXFileReference; fileEncoding = 4; lastKnownFileType = sourcecode.swift; path = Tweet.swift; sourceTree = "<group>"; };
		84A6EB211D3EBB5E00E19322 /* twitterReader.app */ = {isa = PBXFileReference; explicitFileType = wrapper.application; includeInIndex = 0; path = twitterReader.app; sourceTree = BUILT_PRODUCTS_DIR; };
		84A6EB241D3EBB5E00E19322 /* AppDelegate.swift */ = {isa = PBXFileReference; lastKnownFileType = sourcecode.swift; path = AppDelegate.swift; sourceTree = "<group>"; };
		84A6EB2C1D3EBB5E00E19322 /* twitterReader.xcdatamodel */ = {isa = PBXFileReference; lastKnownFileType = wrapper.xcdatamodel; path = twitterReader.xcdatamodel; sourceTree = "<group>"; };
		84A6EB2E1D3EBB5E00E19322 /* Assets.xcassets */ = {isa = PBXFileReference; lastKnownFileType = folder.assetcatalog; path = Assets.xcassets; sourceTree = "<group>"; };
		84A6EB331D3EBB5E00E19322 /* Info.plist */ = {isa = PBXFileReference; lastKnownFileType = text.plist.xml; path = Info.plist; sourceTree = "<group>"; };
		84AF3A4D1D46BF3700C1E0DC /* TweetCell.xib */ = {isa = PBXFileReference; fileEncoding = 4; lastKnownFileType = file.xib; path = TweetCell.xib; sourceTree = "<group>"; };
		84EF78821D3F99DC00FD2F1E /* LaunchStoryboard.storyboard */ = {isa = PBXFileReference; fileEncoding = 4; lastKnownFileType = file.storyboard; path = LaunchStoryboard.storyboard; sourceTree = "<group>"; };
/* End PBXFileReference section */

/* Begin PBXFrameworksBuildPhase section */
		84A6EB1E1D3EBB5E00E19322 /* Frameworks */ = {
			isa = PBXFrameworksBuildPhase;
			buildActionMask = 2147483647;
			files = (
			);
			runOnlyForDeploymentPostprocessing = 0;
		};
/* End PBXFrameworksBuildPhase section */

/* Begin PBXGroup section */
		586030C6E88D7CBCF4B02A9D /* entity */ = {
			isa = PBXGroup;
			children = (
				58603FE69D9E8D7777DEC2E3 /* Tweet.swift */,
			);
			path = entity;
			sourceTree = "<group>";
		};
		58603679C8A88EE9DD206DC4 /* ui */ = {
			isa = PBXGroup;
			children = (
				84AF3A4D1D46BF3700C1E0DC /* TweetCell.xib */,
				5860318FA0BF2D3C19AC29D0 /* TweetCell.swift */,
				58603F934E62FD04AF4AB994 /* TableViewController.swift */,
			);
			path = ui;
			sourceTree = "<group>";
		};
		586038A54E8807506E3928D1 /* service */ = {
			isa = PBXGroup;
			children = (
				58603584426F6F5C6DAF0692 /* DataManager.swift */,
				586037DA411591FD0D86067A /* ImageLoadingManager.swift */,
				5860352138590053269109B4 /* TwitterRequestManager.swift */,
			);
			path = service;
			sourceTree = "<group>";
		};
		58603E215D429B8793594236 /* utils */ = {
			isa = PBXGroup;
			children = (
				58603A7CF02E9814AA91D63C /* Utils.swift */,
				58603E78AFDEFEC4402B697F /* MethodType.swift */,
				58603D4BFAFCC4A6B505D955 /* PreferencesManager.swift */,
				58603729B1C6F254745EA629 /* BuildVars.swift */,
			);
			path = utils;
			sourceTree = "<group>";
		};
		84A6EB181D3EBB5E00E19322 = {
			isa = PBXGroup;
			children = (
				84EF78821D3F99DC00FD2F1E /* LaunchStoryboard.storyboard */,
				84A6EB231D3EBB5E00E19322 /* twitterReader */,
				84A6EB221D3EBB5E00E19322 /* Products */,
			);
			sourceTree = "<group>";
		};
		84A6EB221D3EBB5E00E19322 /* Products */ = {
			isa = PBXGroup;
			children = (
				84A6EB211D3EBB5E00E19322 /* twitterReader.app */,
			);
			name = Products;
			sourceTree = "<group>";
		};
		84A6EB231D3EBB5E00E19322 /* twitterReader */ = {
			isa = PBXGroup;
			children = (
				84A6EB241D3EBB5E00E19322 /* AppDelegate.swift */,
				84A6EB2E1D3EBB5E00E19322 /* Assets.xcassets */,
				84A6EB331D3EBB5E00E19322 /* Info.plist */,
				84A6EB2B1D3EBB5E00E19322 /* twitterReader.xcdatamodeld */,
				58603679C8A88EE9DD206DC4 /* ui */,
				58603E215D429B8793594236 /* utils */,
				586030C6E88D7CBCF4B02A9D /* entity */,
				586038A54E8807506E3928D1 /* service */,
			);
			path = twitterReader;
			sourceTree = "<group>";
		};
/* End PBXGroup section */

/* Begin PBXNativeTarget section */
		84A6EB201D3EBB5E00E19322 /* twitterReader */ = {
			isa = PBXNativeTarget;
			buildConfigurationList = 84A6EB361D3EBB5E00E19322 /* Build configuration list for PBXNativeTarget "twitterReader" */;
			buildPhases = (
				84A6EB1D1D3EBB5E00E19322 /* Sources */,
				84A6EB1E1D3EBB5E00E19322 /* Frameworks */,
				84C134F21D40A92200CAC5DB /* ShellScript */,
				84A6EB1F1D3EBB5E00E19322 /* Resources */,
			);
			buildRules = (
			);
			dependencies = (
			);
			name = twitterReader;
			productName = twitterReader;
			productReference = 84A6EB211D3EBB5E00E19322 /* twitterReader.app */;
			productType = "com.apple.product-type.application";
		};
/* End PBXNativeTarget section */

/* Begin PBXProject section */
		84A6EB191D3EBB5E00E19322 /* Project object */ = {
			isa = PBXProject;
			attributes = {
				LastSwiftUpdateCheck = 0730;
				LastUpgradeCheck = 0730;
				ORGANIZATIONNAME = Igor;
				TargetAttributes = {
					84A6EB201D3EBB5E00E19322 = {
						CreatedOnToolsVersion = 7.3.1;
					};
				};
			};
			buildConfigurationList = 84A6EB1C1D3EBB5E00E19322 /* Build configuration list for PBXProject "twitterReader" */;
			compatibilityVersion = "Xcode 3.2";
			developmentRegion = English;
			hasScannedForEncodings = 0;
			knownRegions = (
				en,
				Base,
			);
			mainGroup = 84A6EB181D3EBB5E00E19322;
			productRefGroup = 84A6EB221D3EBB5E00E19322 /* Products */;
			projectDirPath = "";
			projectRoot = "";
			targets = (
				84A6EB201D3EBB5E00E19322 /* twitterReader */,
			);
		};
/* End PBXProject section */

/* Begin PBXResourcesBuildPhase section */
		84A6EB1F1D3EBB5E00E19322 /* Resources */ = {
			isa = PBXResourcesBuildPhase;
			buildActionMask = 2147483647;
			files = (
				84EF78831D3F99DC00FD2F1E /* LaunchStoryboard.storyboard in Resources */,
				84A6EB2F1D3EBB5E00E19322 /* Assets.xcassets in Resources */,
				84AF3A4E1D46BF3700C1E0DC /* TweetCell.xib in Resources */,
			);
			runOnlyForDeploymentPostprocessing = 0;
		};
/* End PBXResourcesBuildPhase section */

/* Begin PBXShellScriptBuildPhase section */
		84C134F21D40A92200CAC5DB /* ShellScript */ = {
			isa = PBXShellScriptBuildPhase;
			buildActionMask = 2147483647;
			files = (
			);
			inputPaths = (
			);
			outputPaths = (
			);
			runOnlyForDeploymentPostprocessing = 0;
			shellPath = /bin/sh;
			shellScript = "";
		};
/* End PBXShellScriptBuildPhase section */

/* Begin PBXSourcesBuildPhase section */
		84A6EB1D1D3EBB5E00E19322 /* Sources */ = {
			isa = PBXSourcesBuildPhase;
			buildActionMask = 2147483647;
			files = (
				84A6EB251D3EBB5E00E19322 /* AppDelegate.swift in Sources */,
				84A6EB2D1D3EBB5E00E19322 /* twitterReader.xcdatamodeld in Sources */,
				5860342C68A9D9D685BB502F /* TweetCell.swift in Sources */,
				58603D89A78FC25CD7678B56 /* TableViewController.swift in Sources */,
				586038143EDA8B3FF9A37C1C /* Tweet.swift in Sources */,
				58603AA74797391783579CCF /* Utils.swift in Sources */,
				58603A5171B6198739CF3983 /* MethodType.swift in Sources */,
				586034121FDFCBFB5D8B2CD3 /* DataManager.swift in Sources */,
				586036E9F9C7FBCA79D9AEA2 /* ImageLoadingManager.swift in Sources */,
				586031E4BA14A1326765DAED /* TwitterRequestManager.swift in Sources */,
				58603E229489478C63AC9C3B /* PreferencesManager.swift in Sources */,
				586038E163153223EA8A6522 /* BuildVars.swift in Sources */,
			);
			runOnlyForDeploymentPostprocessing = 0;
		};
/* End PBXSourcesBuildPhase section */

/* Begin XCBuildConfiguration section */
		84A6EB341D3EBB5E00E19322 /* Debug */ = {
			isa = XCBuildConfiguration;
			buildSettings = {
				ALWAYS_SEARCH_USER_PATHS = NO;
				CLANG_ANALYZER_NONNULL = YES;
				CLANG_CXX_LANGUAGE_STANDARD = "gnu++0x";
				CLANG_CXX_LIBRARY = "libc++";
				CLANG_ENABLE_MODULES = YES;
				CLANG_ENABLE_OBJC_ARC = YES;
				CLANG_WARN_BOOL_CONVERSION = YES;
				CLANG_WARN_CONSTANT_CONVERSION = YES;
				CLANG_WARN_DIRECT_OBJC_ISA_USAGE = YES_ERROR;
				CLANG_WARN_EMPTY_BODY = YES;
				CLANG_WARN_ENUM_CONVERSION = YES;
				CLANG_WARN_INT_CONVERSION = YES;
				CLANG_WARN_OBJC_ROOT_CLASS = YES_ERROR;
				CLANG_WARN_UNREACHABLE_CODE = YES;
				CLANG_WARN__DUPLICATE_METHOD_MATCH = YES;
				"CODE_SIGN_IDENTITY[sdk=iphoneos*]" = "iPhone Developer";
				COPY_PHASE_STRIP = NO;
				DEBUG_INFORMATION_FORMAT = dwarf;
				ENABLE_STRICT_OBJC_MSGSEND = YES;
				ENABLE_TESTABILITY = YES;
				GCC_C_LANGUAGE_STANDARD = gnu99;
				GCC_DYNAMIC_NO_PIC = NO;
				GCC_NO_COMMON_BLOCKS = YES;
				GCC_OPTIMIZATION_LEVEL = 0;
				GCC_PREPROCESSOR_DEFINITIONS = (
					"DEBUG=1",
					"$(inherited)",
				);
				GCC_WARN_64_TO_32_BIT_CONVERSION = YES;
				GCC_WARN_ABOUT_RETURN_TYPE = YES_ERROR;
				GCC_WARN_UNDECLARED_SELECTOR = YES;
				GCC_WARN_UNINITIALIZED_AUTOS = YES_AGGRESSIVE;
				GCC_WARN_UNUSED_FUNCTION = YES;
				GCC_WARN_UNUSED_VARIABLE = YES;
				IPHONEOS_DEPLOYMENT_TARGET = 9.3;
				MTL_ENABLE_DEBUG_INFO = YES;
				ONLY_ACTIVE_ARCH = YES;
				SDKROOT = iphoneos;
				SWIFT_OPTIMIZATION_LEVEL = "-Onone";
				TARGETED_DEVICE_FAMILY = "1,2";
			};
			name = Debug;
		};
		84A6EB351D3EBB5E00E19322 /* Release */ = {
			isa = XCBuildConfiguration;
			buildSettings = {
				ALWAYS_SEARCH_USER_PATHS = NO;
				CLANG_ANALYZER_NONNULL = YES;
				CLANG_CXX_LANGUAGE_STANDARD = "gnu++0x";
				CLANG_CXX_LIBRARY = "libc++";
				CLANG_ENABLE_MODULES = YES;
				CLANG_ENABLE_OBJC_ARC = YES;
				CLANG_WARN_BOOL_CONVERSION = YES;
				CLANG_WARN_CONSTANT_CONVERSION = YES;
				CLANG_WARN_DIRECT_OBJC_ISA_USAGE = YES_ERROR;
				CLANG_WARN_EMPTY_BODY = YES;
				CLANG_WARN_ENUM_CONVERSION = YES;
				CLANG_WARN_INT_CONVERSION = YES;
				CLANG_WARN_OBJC_ROOT_CLASS = YES_ERROR;
				CLANG_WARN_UNREACHABLE_CODE = YES;
				CLANG_WARN__DUPLICATE_METHOD_MATCH = YES;
				"CODE_SIGN_IDENTITY[sdk=iphoneos*]" = "iPhone Developer";
				COPY_PHASE_STRIP = NO;
				DEBUG_INFORMATION_FORMAT = "dwarf-with-dsym";
				ENABLE_NS_ASSERTIONS = NO;
				ENABLE_STRICT_OBJC_MSGSEND = YES;
				GCC_C_LANGUAGE_STANDARD = gnu99;
				GCC_NO_COMMON_BLOCKS = YES;
				GCC_WARN_64_TO_32_BIT_CONVERSION = YES;
				GCC_WARN_ABOUT_RETURN_TYPE = YES_ERROR;
				GCC_WARN_UNDECLARED_SELECTOR = YES;
				GCC_WARN_UNINITIALIZED_AUTOS = YES_AGGRESSIVE;
				GCC_WARN_UNUSED_FUNCTION = YES;
				GCC_WARN_UNUSED_VARIABLE = YES;
				IPHONEOS_DEPLOYMENT_TARGET = 9.3;
				MTL_ENABLE_DEBUG_INFO = NO;
				SDKROOT = iphoneos;
				TARGETED_DEVICE_FAMILY = "1,2";
				VALIDATE_PRODUCT = YES;
			};
			name = Release;
		};
		84A6EB371D3EBB5E00E19322 /* Debug */ = {
			isa = XCBuildConfiguration;
			buildSettings = {
				ALWAYS_SEARCH_USER_PATHS = NO;
				ASSETCATALOG_COMPILER_APPICON_NAME = AppIcon;
				FRAMEWORK_SEARCH_PATHS = (
					"$(inherited)",
					"$(PROJECT_DIR)",
				);
				INFOPLIST_FILE = twitterReader/Info.plist;
				LD_RUNPATH_SEARCH_PATHS = "$(inherited) @executable_path/Frameworks";
				PRODUCT_BUNDLE_IDENTIFIER = com.me.izarubinn.twitterReader;
				PRODUCT_NAME = "$(TARGET_NAME)";
				SWIFT_INCLUDE_PATHS = "";
			};
			name = Debug;
		};
		84A6EB381D3EBB5E00E19322 /* Release */ = {
			isa = XCBuildConfiguration;
			buildSettings = {
				ALWAYS_SEARCH_USER_PATHS = NO;
				ASSETCATALOG_COMPILER_APPICON_NAME = AppIcon;
				FRAMEWORK_SEARCH_PATHS = (
					"$(inherited)",
					"$(PROJECT_DIR)",
				);
				INFOPLIST_FILE = twitterReader/Info.plist;
				LD_RUNPATH_SEARCH_PATHS = "$(inherited) @executable_path/Frameworks";
				PRODUCT_BUNDLE_IDENTIFIER = com.me.izarubinn.twitterReader;
				PRODUCT_NAME = "$(TARGET_NAME)";
				SWIFT_INCLUDE_PATHS = "";
			};
			name = Release;
		};
/* End XCBuildConfiguration section */

/* Begin XCConfigurationList section */
		84A6EB1C1D3EBB5E00E19322 /* Build configuration list for PBXProject "twitterReader" */ = {
			isa = XCConfigurationList;
			buildConfigurations = (
				84A6EB341D3EBB5E00E19322 /* Debug */,
				84A6EB351D3EBB5E00E19322 /* Release */,
			);
			defaultConfigurationIsVisible = 0;
			defaultConfigurationName = Release;
		};
		84A6EB361D3EBB5E00E19322 /* Build configuration list for PBXNativeTarget "twitterReader" */ = {
			isa = XCConfigurationList;
			buildConfigurations = (
				84A6EB371D3EBB5E00E19322 /* Debug */,
				84A6EB381D3EBB5E00E19322 /* Release */,
			);
			defaultConfigurationIsVisible = 0;
			defaultConfigurationName = Release;
		};
/* End XCConfigurationList section */

/* Begin XCVersionGroup section */
		84A6EB2B1D3EBB5E00E19322 /* twitterReader.xcdatamodeld */ = {
			isa = XCVersionGroup;
			children = (
				84A6EB2C1D3EBB5E00E19322 /* twitterReader.xcdatamodel */,
			);
			currentVersion = 84A6EB2C1D3EBB5E00E19322 /* twitterReader.xcdatamodel */;
			path = twitterReader.xcdatamodeld;
			sourceTree = "<group>";
			versionGroupType = wrapper.xcdatamodel;
		};
/* End XCVersionGroup section */
	};
	rootObject = 84A6EB191D3EBB5E00E19322 /* Project object */;
}
